(setq el-get-lock-package-versions
      '((review-el :checksum "e166efd9b8596a9abe14afae79b33eaa808c14ea")
        (toml-mode :checksum "f6c61817b00f9c4a3cab1bae9c309e0fc45cdd06")
        (yaml-mode :checksum "28c34033194130d452d5c958b5241c88d42ca02b")
        (csv-mode :checksum "5fb7759827029caed29523a1b0c3f9e28313762e")
        (markdown-mode :checksum "4b6c6fbde26664547d3fd7902c2ba8e6356fa544")
        (git-gutter :checksum "00c05264af046b5ce248e5b0bc42f117d9c27a09")
        (ensime :checksum "82de811bde723e78a702e98592e46514ac700f9d")
        (popup :checksum "80829dd46381754639fb764da11c67235fe63282")
        (scala-mode :checksum "56cba2903cf6e12c715dbb5c99b34c97b2679379")
        (sbt-mode :checksum "bdf31a1ffe637d1445b149804d5f5cc29333a1bd")
        (json-reformat :checksum "8eb6668ed447988aea06467ba8f42e1f2178246f")
        (web-mode :checksum "c15743454d0de944e5872a2ac4c9111d8cd61940")
        (emacs-racer :checksum "6e0d1b3ebd54497c0cc995a92f09328ff101cd33")
        (rust-racer :checksum "c7c819ee3a06dbd5fc75707ec0343b44a6e21726")
        (rust-mode :checksum "b8e49089713714a9f3f815b399df569a0e507e73")
        (tuareg-mode :checksum "20de81c91b02f799be4203d11707f68a0c8e900e")
        (ghc-mod :checksum "0d13786a4cc413cf12de0ace9ba6f43ddd7a032b")
        (hi2 :checksum "c9d199727b5cdcb9e36a972b38131ce4611fd6c8")
        (haskell-mode :checksum "9ced44c934e9d02dc41ab2f47686cc041f7ae5f5")
        (go-mode :checksum "7eb5b3dd0ac31d176e9d56da4172f66aef8fae47")
        (distel :checksum "fe01b4352199c124d7c91b0af6c5d447f4f218fa")
        (erlang-mode :checksum "cadcc7521d1d86379c495c7f1b5aa581ca1a9712")
        (company-coq :checksum "642c0b5b539692242c476eb00af7bacc91d7fcc0")
        (yasnippet :checksum "35a4df769cbdebd10d043f16d680bdb16ee858ed")
        (company-math :checksum "7e7f8c71f57b12f9bcbbf01f2bbcc59343ad76d4")
        (math-symbol-lists :checksum "1af8fdcab7941a62287c2d04b8876e1538f39c60")
        (anzu :checksum "e6c56ca8b23ac433f7be58b6f3f50801dd4164e4")
        (helm-ls-git :checksum "d116bb96b6ea946f633ed7735fbf38a63e611a3a")
        (helm-ag :checksum "2fc02c4ead29bf0db06fd70740cc7c364cb650ac")
        (projectile :checksum "dd48cb8af4cf41d109fb6d46f0c3f2134f37fcfb")
        (helm :checksum "343edce54ad8e0f1f0974e3edf6fbebe03d9ed22")
        (powerline :checksum "595a9c1b230f4fcc4d72e6ed9c67aed7b838452d")
        (emacs-afternoon-theme :checksum "89b1d778a1f8b385775c122f2bd1c62f0fbf931a")
        (htmlize :checksum "1f7bd7290e4698ac0b26b911fde7727fcb609bc7")
        (flycheck :checksum "cfe02c0b2f0ad09ff0555583b5cf43125f549108")
        (pkg-info :checksum "76ba7415480687d05a4353b27fea2ae02b8d9d61")
        (epl :checksum "83797835f729f39b80acba4c7e83d73a2e410e26")
        (undo-tree :checksum "e9a9102f515acd7523158f20e83f300600374989")
        (company-mode :checksum "d033112748440e772f0173b28356e956ce57d8a0")
        (s :checksum "12f116d58ac03706496bd682c6449b452681874e")
        (use-package :checksum "cb89901b52a9413b6c233d7fbb616a2d8f38b50a")
        (proof-general :checksum "9083698d0bbd4438208fa72222438ae59684542d")
        (magit :checksum "80d9ca41a7c09dcda7ed6940dbb45ec96052436a")
        (dash :checksum "a57c2c335d0527909f472ca51a2201ad44d38aab")
        (with-editor :checksum "ee39f232f2daf997498a4030d104c35ae397f457")
        (emacs-async :checksum "87853ae35f19646f83f653b798e9f6d646de7113")
        (init-loader :checksum "5d3cea1004c11ff96b33020e337b03b925c67c42")))
(setq el-get-lock-locked-packages 'nil)
(setq el-get-lock-unlocked-packages 'nil)
