(setq el-get-lock-package-versions
      '((emacs-racer :checksum "d18da641fb2ea7178a8ae042b8227f22df6d524f")
        (rust-mode :checksum "61a35f619ff7ba101c0cf1fc44a4b3443810a5b7")
        (csv-mode :checksum "797c3223fe952b23bd0440695f1919a126fd44bf")
        (projectile :checksum "0c5aebd9ac55a42541f713627a6a455b1eff0a5b")
        (f :checksum "862377d99e9ea52a6f7046851fdae051ad19c20a")
        (avy :checksum "ac162279f2194f9b7c4ec06afa6a7a68b9177149")
        (ace-isearch :checksum "9a32a039623e3907a4fce959aa48c26a79fb249b")
        (ace-jump-mode :checksum "8351e2df4fbbeb2a4003f2fb39f46d33803f3dac")
        (helm-ls-git :checksum "136e83559cf01cf10689a79f7ede201893867947")
        (git-gutter :checksum "126840307b2d2b4c61928d9e9638663176d3c31e")
        (company-math :checksum "b585117b814d9c7474a50de5753526ebab7fa27f")
        (math-symbol-lists :checksum "0d9147c6f7432d7b7a1b7c7bba28165202c96d23")
        (markdown-mode :checksum "5bb9bed97a0e3c324a88d7dfd7cfb95f3617a8bb")
        (anzu :checksum "b11642d49c6a08404368c3938dd4a9d629e151be")
        (magit :checksum "e10426ea807e9b11313fee6d18c1195df104075a")
        (flycheck :checksum "ffa3c88636ebdb3df98bf824f655110ff69e5264")
        (pkg-info :checksum "4dbe328c9eced79e0004e3fdcd7bfb997a928be5")
        (epl :checksum "a5ad061d0a5eb42f66c384e55d102da7d52c96b0")
        (let-alist :checksum "b87275d7c09c61ec121e8ecdef6df90e12fcc3cd")
        (ensime :checksum "4505b1397ed82e3ac992fc6de959d2e70291dae2")
        (auto-complete :checksum "dd5dc3d41c5acafac3202f4213baa7c2f198772d")
        (fuzzy :checksum "534d723ad2e06322ff8d9bd0ba4863d243f698e7")
        (popup :checksum "46632ab9652dacad56fd961cd6def25a015170ae")
        (yasnippet :checksum "2f6cfef03139dbb74b0f4aeaffef0f9647bee5b8")
        (sbt-mode :checksum "be70372bb0890a4f8bec1b6ef10b30ed2e3f5236")
        (scala-mode2 :checksum "360b5ba27aeca69e72109515b6c40b2f7972cc8f")
        (json-reformat :checksum "ae7ec19313b7e125c2d486038e7467ce18ceb0bf")
        (web-mode :checksum "94ab1b70084dcfb03d821ef3a0bd312101a3f2e6")
        (ocamlspot :checksum "a60292e5e63a757eaae675b1d0d56b820d85b6f8")
        (tuareg-mode :checksum "ef1fefc553918850f865377f4c82dca8cdd3b4a6")
        (ghc-mod :checksum "5713fd9908742161b365b42ced8d1952b753fd15")
        (hi2 :checksum "c9d199727b5cdcb9e36a972b38131ce4611fd6c8")
        (haskell-mode :checksum "abd304541c0f68e135ceb719bb81f821654435fa")
        (company-coq :checksum "eba6fee09a02b42ef581fa757314b6b63a11601f")
        (proof-general-latest :checksum "3a49cad153c50ca2a0f02e668f899a610dc55d22")
        (helm-ag :checksum "3c1f70d904494a47e7a9e9984e5e04fb9fe587ec")
        (helm-swoop :checksum "b79c2152846c31713e7d8e8fa76cc68b2d9e2b8b")
        (helm :checksum "bb580d66a68572bb0056cdc2f12dd171b53ed3b0")
        (powerline :checksum "040438c0bcb94adc6b7a8e42e8ecc338cce7e578")
        (emacs-afternoon-theme :checksum "89b1d778a1f8b385775c122f2bd1c62f0fbf931a")
        (undo-tree :checksum "a3e81b682053a81e082139300ef0a913a7a610a2")
        (company-mode :checksum "5f8e6ebb2ef5bb777dc4cb31232c8ad9b9fff572")
        (dash :checksum "91a2b148483a808e4b6918c995888d1c1922ec55")
        (s :checksum "865c54cfa57872b6715200f906fda42a7b04605c")
        (use-package :checksum "4b7917cc276b33cd7daff96ef764f4626baf0a5c")
        (init-loader :checksum "1f28a0b801cbb08aa9b47fd15ceab243a2bc064c")))
(setq el-get-lock-locked-packages 'nil)
(setq el-get-lock-unlocked-packages 'nil)
